
Microsoft Visual Studio Solution File, Format Version 12.00
# Visual Studio Version 16
VisualStudioVersion = 16.0.29709.97
MinimumVisualStudioVersion = 10.0.40219.1
Project("{FAE04EC0-301F-11D3-BF4B-00C04F79EFBC}") = "HelloWorld", "HelloWorld.csproj", "{DB1551D1-5E00-408D-8FEA-D0295B9CC7A0}"
EndProject
Global
	GlobalSection(SolutionConfigurationPlatforms) = preSolution
		Debug|Any CPU = Debug|Any CPU
		Release|Any CPU = Release|Any CPU
	EndGlobalSection
	GlobalSection(ProjectConfigurationPlatforms) = postSolution
		{DB1551D1-5E00-408D-8FEA-D0295B9CC7A0}.Debug|Any CPU.ActiveCfg = Debug|Any CPU
		{DB1551D1-5E00-408D-8FEA-D0295B9CC7A0}.Debug|Any CPU.Build.0 = Debug|Any CPU
		{DB1551D1-5E00-408D-8FEA-D0295B9CC7A0}.Release|Any CPU.ActiveCfg = Release|Any CPU
		{DB1551D1-5E00-408D-8FEA-D0295B9CC7A0}.Release|Any CPU.Build.0 = Release|Any CPU
	EndGlobalSection
	GlobalSection(SolutionProperties) = preSolution
		HideSolutionNode = FALSE
	EndGlobalSection
	GlobalSection(ExtensibilityGlobals) = postSolution
		SolutionGuid = {BD75AD32-094E-4595-9759-E660DDB0E77A}
	EndGlobalSection
EndGlobal
